
Microsoft Visual Studio Solution File, Format Version 12.00
# Visual Studio 2013
VisualStudioVersion = 12.0.31101.0
MinimumVisualStudioVersion = 10.0.40219.1
Project("{8BC9CEB8-8B4A-11D0-8D11-00A0C91BC942}") = "tinype", "tinype\tinype.vcxproj", "{40E3DDB1-E1B1-465F-8304-7B2E7176F4D5}"
EndProject
Project("{8BC9CEB8-8B4A-11D0-8D11-00A0C91BC942}") = "test", "test\test.vcxproj", "{94E2D7C1-BD7D-4E9B-B0FE-E23B6F382463}"
EndProject
Global
	GlobalSection(SolutionConfigurationPlatforms) = preSolution
		Debug|Win32 = Debug|Win32
		Release|Win32 = Release|Win32
	EndGlobalSection
	GlobalSection(ProjectConfigurationPlatforms) = postSolution
		{40E3DDB1-E1B1-465F-8304-7B2E7176F4D5}.Debug|Win32.ActiveCfg = Debug|Win32
		{40E3DDB1-E1B1-465F-8304-7B2E7176F4D5}.Debug|Win32.Build.0 = Debug|Win32
		{40E3DDB1-E1B1-465F-8304-7B2E7176F4D5}.Release|Win32.ActiveCfg = Release|Win32
		{40E3DDB1-E1B1-465F-8304-7B2E7176F4D5}.Release|Win32.Build.0 = Release|Win32
		{94E2D7C1-BD7D-4E9B-B0FE-E23B6F382463}.Debug|Win32.ActiveCfg = Debug|Win32
		{94E2D7C1-BD7D-4E9B-B0FE-E23B6F382463}.Debug|Win32.Build.0 = Debug|Win32
		{94E2D7C1-BD7D-4E9B-B0FE-E23B6F382463}.Release|Win32.ActiveCfg = Release|Win32
		{94E2D7C1-BD7D-4E9B-B0FE-E23B6F382463}.Release|Win32.Build.0 = Release|Win32
	EndGlobalSection
	GlobalSection(SolutionProperties) = preSolution
		HideSolutionNode = FALSE
	EndGlobalSection
EndGlobal
